
Microsoft Visual Studio Solution File, Format Version 12.00
# Visual Studio Version 17
VisualStudioVersion = 17.2.32616.157
MinimumVisualStudioVersion = 10.0.40219.1
Project("{FAE04EC0-301F-11D3-BF4B-00C04F79EFBC}") = "DockerTest", "DockerTest.csproj", "{0F1FE498-7B21-45BF-89FE-B275610B3A79}"
EndProject
Global
	GlobalSection(SolutionConfigurationPlatforms) = preSolution
		Debug|Any CPU = Debug|Any CPU
		Release|Any CPU = Release|Any CPU
	EndGlobalSection
	GlobalSection(ProjectConfigurationPlatforms) = postSolution
		{0F1FE498-7B21-45BF-89FE-B275610B3A79}.Debug|Any CPU.ActiveCfg = Debug|Any CPU
		{0F1FE498-7B21-45BF-89FE-B275610B3A79}.Debug|Any CPU.Build.0 = Debug|Any CPU
		{0F1FE498-7B21-45BF-89FE-B275610B3A79}.Release|Any CPU.ActiveCfg = Release|Any CPU
		{0F1FE498-7B21-45BF-89FE-B275610B3A79}.Release|Any CPU.Build.0 = Release|Any CPU
	EndGlobalSection
	GlobalSection(SolutionProperties) = preSolution
		HideSolutionNode = FALSE
	EndGlobalSection
	GlobalSection(ExtensibilityGlobals) = postSolution
		SolutionGuid = {F439CA3E-D43C-43EC-8B14-802F1E37AE72}
	EndGlobalSection
EndGlobal
